
Microsoft Visual Studio Solution File, Format Version 12.00
# Visual Studio Version 17
VisualStudioVersion = 17.5.002.0
MinimumVisualStudioVersion = 10.0.40219.1
Project("{2150E333-8FDC-42A3-9474-1A3956D46DE8}") = "tests", "tests", "{C657A78D-3C59-4552-8677-7FFD890B073A}"
EndProject
Project("{2150E333-8FDC-42A3-9474-1A3956D46DE8}") = "dotnet", "dotnet", "{D73D197A-9B3B-4E28-B2A9-DB7A2E6025AB}"
EndProject
Project("{9A19103F-16F7-4668-BE54-9A1E7A4F7556}") = "sdk", "tests\dotnet\sdk\sdk.csproj", "{65154ACF-623E-40D7-BF13-83819C11BE5A}"
EndProject
Project("{9A19103F-16F7-4668-BE54-9A1E7A4F7556}") = "generator", "tests\dotnet\generator\generator.csproj", "{872DA1F5-ADB9-402B-BAF2-1F36D1D14A5B}"
EndProject
Project("{9A19103F-16F7-4668-BE54-9A1E7A4F7556}") = "sample", "tests\dotnet\Sample\sample.csproj", "{60BD40DA-7CAF-4B02-8045-094BDDC2AA7B}"
EndProject
Project("{FAE04EC0-301F-11D3-BF4B-00C04F79EFBC}") = "sdktests", "tests\dotnet\sdktests\sdktests.csproj", "{C166AC97-3436-473E-A530-4D9B15ECC0C9}"
EndProject
Global
	GlobalSection(SolutionConfigurationPlatforms) = preSolution
		Debug|Any CPU = Debug|Any CPU
		Debug|x64 = Debug|x64
		Release|Any CPU = Release|Any CPU
		Release|x64 = Release|x64
	EndGlobalSection
	GlobalSection(ProjectConfigurationPlatforms) = postSolution
		{65154ACF-623E-40D7-BF13-83819C11BE5A}.Debug|Any CPU.ActiveCfg = Debug|Any CPU
		{65154ACF-623E-40D7-BF13-83819C11BE5A}.Debug|Any CPU.Build.0 = Debug|Any CPU
		{65154ACF-623E-40D7-BF13-83819C11BE5A}.Debug|x64.ActiveCfg = Debug|x64
		{65154ACF-623E-40D7-BF13-83819C11BE5A}.Debug|x64.Build.0 = Debug|x64
		{65154ACF-623E-40D7-BF13-83819C11BE5A}.Release|Any CPU.ActiveCfg = Release|Any CPU
		{65154ACF-623E-40D7-BF13-83819C11BE5A}.Release|Any CPU.Build.0 = Release|Any CPU
		{65154ACF-623E-40D7-BF13-83819C11BE5A}.Release|x64.ActiveCfg = Release|x64
		{65154ACF-623E-40D7-BF13-83819C11BE5A}.Release|x64.Build.0 = Release|x64
		{872DA1F5-ADB9-402B-BAF2-1F36D1D14A5B}.Debug|Any CPU.ActiveCfg = Debug|Any CPU
		{872DA1F5-ADB9-402B-BAF2-1F36D1D14A5B}.Debug|Any CPU.Build.0 = Debug|Any CPU
		{872DA1F5-ADB9-402B-BAF2-1F36D1D14A5B}.Debug|x64.ActiveCfg = Debug|x64
		{872DA1F5-ADB9-402B-BAF2-1F36D1D14A5B}.Debug|x64.Build.0 = Debug|x64
		{872DA1F5-ADB9-402B-BAF2-1F36D1D14A5B}.Release|Any CPU.ActiveCfg = Release|Any CPU
		{872DA1F5-ADB9-402B-BAF2-1F36D1D14A5B}.Release|Any CPU.Build.0 = Release|Any CPU
		{872DA1F5-ADB9-402B-BAF2-1F36D1D14A5B}.Release|x64.ActiveCfg = Release|x64
		{872DA1F5-ADB9-402B-BAF2-1F36D1D14A5B}.Release|x64.Build.0 = Release|x64
		{60BD40DA-7CAF-4B02-8045-094BDDC2AA7B}.Debug|Any CPU.ActiveCfg = Debug|Any CPU
		{60BD40DA-7CAF-4B02-8045-094BDDC2AA7B}.Debug|Any CPU.Build.0 = Debug|Any CPU
		{60BD40DA-7CAF-4B02-8045-094BDDC2AA7B}.Debug|x64.ActiveCfg = Debug|Any CPU
		{60BD40DA-7CAF-4B02-8045-094BDDC2AA7B}.Debug|x64.Build.0 = Debug|Any CPU
		{60BD40DA-7CAF-4B02-8045-094BDDC2AA7B}.Release|Any CPU.ActiveCfg = Release|Any CPU
		{60BD40DA-7CAF-4B02-8045-094BDDC2AA7B}.Release|Any CPU.Build.0 = Release|Any CPU
		{60BD40DA-7CAF-4B02-8045-094BDDC2AA7B}.Release|x64.ActiveCfg = Release|Any CPU
		{60BD40DA-7CAF-4B02-8045-094BDDC2AA7B}.Release|x64.Build.0 = Release|Any CPU
		{C166AC97-3436-473E-A530-4D9B15ECC0C9}.Debug|Any CPU.ActiveCfg = Debug|Any CPU
		{C166AC97-3436-473E-A530-4D9B15ECC0C9}.Debug|Any CPU.Build.0 = Debug|Any CPU
		{C166AC97-3436-473E-A530-4D9B15ECC0C9}.Debug|x64.ActiveCfg = Debug|Any CPU
		{C166AC97-3436-473E-A530-4D9B15ECC0C9}.Debug|x64.Build.0 = Debug|Any CPU
		{C166AC97-3436-473E-A530-4D9B15ECC0C9}.Release|Any CPU.ActiveCfg = Release|Any CPU
		{C166AC97-3436-473E-A530-4D9B15ECC0C9}.Release|Any CPU.Build.0 = Release|Any CPU
		{C166AC97-3436-473E-A530-4D9B15ECC0C9}.Release|x64.ActiveCfg = Release|Any CPU
		{C166AC97-3436-473E-A530-4D9B15ECC0C9}.Release|x64.Build.0 = Release|Any CPU
	EndGlobalSection
	GlobalSection(SolutionProperties) = preSolution
		HideSolutionNode = FALSE
	EndGlobalSection
	GlobalSection(NestedProjects) = preSolution
		{D73D197A-9B3B-4E28-B2A9-DB7A2E6025AB} = {C657A78D-3C59-4552-8677-7FFD890B073A}
		{65154ACF-623E-40D7-BF13-83819C11BE5A} = {D73D197A-9B3B-4E28-B2A9-DB7A2E6025AB}
		{872DA1F5-ADB9-402B-BAF2-1F36D1D14A5B} = {D73D197A-9B3B-4E28-B2A9-DB7A2E6025AB}
		{60BD40DA-7CAF-4B02-8045-094BDDC2AA7B} = {D73D197A-9B3B-4E28-B2A9-DB7A2E6025AB}
		{C166AC97-3436-473E-A530-4D9B15ECC0C9} = {D73D197A-9B3B-4E28-B2A9-DB7A2E6025AB}
	EndGlobalSection
	GlobalSection(ExtensibilityGlobals) = postSolution
		SolutionGuid = {E13ABB23-5DB8-4E91-8E8A-5803CCC433DC}
	EndGlobalSection
EndGlobal
